
Microsoft Visual Studio Solution File, Format Version 12.00
# Visual Studio Version 16
VisualStudioVersion = 16.0.31205.134
MinimumVisualStudioVersion = 10.0.40219.1
Project("{2150E333-8FDC-42A3-9474-1A3956D46DE8}") = "src", "src", "{7C8D843C-028D-4464-A62C-32706F5431E1}"
EndProject
Project("{9A19103F-16F7-4668-BE54-9A1E7A4F7556}") = "WpfSample.App", "src\WpfSample.App\WpfSample.App.csproj", "{FA67F7E7-E375-4702-AFDC-652CC20A0D72}"
EndProject
Global
	GlobalSection(SolutionConfigurationPlatforms) = preSolution
		Debug|Any CPU = Debug|Any CPU
		Debug|x86 = Debug|x86
		Release|Any CPU = Release|Any CPU
		Release|x86 = Release|x86
	EndGlobalSection
	GlobalSection(ProjectConfigurationPlatforms) = postSolution
		{FA67F7E7-E375-4702-AFDC-652CC20A0D72}.Debug|Any CPU.ActiveCfg = Debug|Any CPU
		{FA67F7E7-E375-4702-AFDC-652CC20A0D72}.Debug|Any CPU.Build.0 = Debug|Any CPU
		{FA67F7E7-E375-4702-AFDC-652CC20A0D72}.Debug|x86.ActiveCfg = Debug|x86
		{FA67F7E7-E375-4702-AFDC-652CC20A0D72}.Debug|x86.Build.0 = Debug|x86
		{FA67F7E7-E375-4702-AFDC-652CC20A0D72}.Release|Any CPU.ActiveCfg = Release|Any CPU
		{FA67F7E7-E375-4702-AFDC-652CC20A0D72}.Release|Any CPU.Build.0 = Release|Any CPU
		{FA67F7E7-E375-4702-AFDC-652CC20A0D72}.Release|x86.ActiveCfg = Release|x86
		{FA67F7E7-E375-4702-AFDC-652CC20A0D72}.Release|x86.Build.0 = Release|x86
	EndGlobalSection
	GlobalSection(SolutionProperties) = preSolution
		HideSolutionNode = FALSE
	EndGlobalSection
	GlobalSection(NestedProjects) = preSolution
		{FA67F7E7-E375-4702-AFDC-652CC20A0D72} = {7C8D843C-028D-4464-A62C-32706F5431E1}
	EndGlobalSection
	GlobalSection(ExtensibilityGlobals) = postSolution
		SolutionGuid = {77EE9722-0736-4DD6-9A23-76C2D5551B8A}
	EndGlobalSection
EndGlobal
